// !$*UTF8*$!
{
	archiveVersion = 1;
	classes = {
	};
	objectVersion = 56;
	objects = {

/* Begin PBXBuildFile section */
		E5061B172CA8327D00E3D181 /* AppDelegate.swift in Sources */ = {isa = PBXBuildFile; fileRef = E5061B162CA8327D00E3D181 /* AppDelegate.swift */; };
		E5061B192CA8327D00E3D181 /* SceneDelegate.swift in Sources */ = {isa = PBXBuildFile; fileRef = E5061B182CA8327D00E3D181 /* SceneDelegate.swift */; };
		E5061B1B2CA8327D00E3D181 /* ViewController.swift in Sources */ = {isa = PBXBuildFile; fileRef = E5061B1A2CA8327D00E3D181 /* ViewController.swift */; };
		E5061B202CA8327E00E3D181 /* Assets.xcassets in Resources */ = {isa = PBXBuildFile; fileRef = E5061B1F2CA8327E00E3D181 /* Assets.xcassets */; };
		E5061B232CA8327E00E3D181 /* LaunchScreen.storyboard in Resources */ = {isa = PBXBuildFile; fileRef = E5061B212CA8327E00E3D181 /* LaunchScreen.storyboard */; };
		E5061B472CA8675600E3D181 /* FeedViewController.swift in Sources */ = {isa = PBXBuildFile; fileRef = E5061B462CA8675600E3D181 /* FeedViewController.swift */; };
		E5061B4B2CA8691D00E3D181 /* PostViewController.swift in Sources */ = {isa = PBXBuildFile; fileRef = E5061B4A2CA8691D00E3D181 /* PostViewController.swift */; };
		E5061B4F2CA86DA400E3D181 /* InfoViewController.swift in Sources */ = {isa = PBXBuildFile; fileRef = E5061B4E2CA86DA400E3D181 /* InfoViewController.swift */; };
		E585CEF52CDF6E6A00236789 /* PhotosTableViewCell.swift in Sources */ = {isa = PBXBuildFile; fileRef = E585CEF42CDF6E6A00236789 /* PhotosTableViewCell.swift */; };
		E585CEF72CDF6F6500236789 /* PhotosViewController.swift in Sources */ = {isa = PBXBuildFile; fileRef = E585CEF62CDF6F6500236789 /* PhotosViewController.swift */; };
		E585CEF92CDF6FA100236789 /* PhotosCollectionViewCell.swift in Sources */ = {isa = PBXBuildFile; fileRef = E585CEF82CDF6FA100236789 /* PhotosCollectionViewCell.swift */; };
		E5ADC5E52CC3CFFD0078687B /* ProfileHeaderView.swift in Sources */ = {isa = PBXBuildFile; fileRef = E5ADC5E42CC3CFFD0078687B /* ProfileHeaderView.swift */; };
		E5ADC5E72CC3D47E0078687B /* ProfileViewController.swift in Sources */ = {isa = PBXBuildFile; fileRef = E5ADC5E62CC3D47E0078687B /* ProfileViewController.swift */; };
		E5AF47F42CEA2EFA00205A61 /* StorageService.docc in Sources */ = {isa = PBXBuildFile; fileRef = E5AF47F32CEA2EFA00205A61 /* StorageService.docc */; };
		E5AF47FA2CEA2EFA00205A61 /* StorageService.framework in Frameworks */ = {isa = PBXBuildFile; fileRef = E5AF47F02CEA2EFA00205A61 /* StorageService.framework */; };
		E5AF48012CEA2EFA00205A61 /* StorageServiceTests.swift in Sources */ = {isa = PBXBuildFile; fileRef = E5AF48002CEA2EFA00205A61 /* StorageServiceTests.swift */; };
		E5AF48022CEA2EFA00205A61 /* StorageService.h in Headers */ = {isa = PBXBuildFile; fileRef = E5AF47F22CEA2EFA00205A61 /* StorageService.h */; settings = {ATTRIBUTES = (Public, ); }; };
		E5AF48052CEA2EFA00205A61 /* StorageService.framework in Frameworks */ = {isa = PBXBuildFile; fileRef = E5AF47F02CEA2EFA00205A61 /* StorageService.framework */; };
		E5AF48062CEA2EFA00205A61 /* StorageService.framework in Embed Frameworks */ = {isa = PBXBuildFile; fileRef = E5AF47F02CEA2EFA00205A61 /* StorageService.framework */; settings = {ATTRIBUTES = (CodeSignOnCopy, RemoveHeadersOnCopy, ); }; };
		E5AF480F2CEA2F9300205A61 /* Post.swift in Sources */ = {isa = PBXBuildFile; fileRef = E5AF480E2CEA2F9300205A61 /* Post.swift */; };
/* End PBXBuildFile section */

/* Begin PBXContainerItemProxy section */
		E5061B2A2CA8327E00E3D181 /* PBXContainerItemProxy */ = {
			isa = PBXContainerItemProxy;
			containerPortal = E5061B0B2CA8327D00E3D181 /* Project object */;
			proxyType = 1;
			remoteGlobalIDString = E5061B122CA8327D00E3D181;
			remoteInfo = Navigation;
		};
		E5061B342CA8327E00E3D181 /* PBXContainerItemProxy */ = {
			isa = PBXContainerItemProxy;
			containerPortal = E5061B0B2CA8327D00E3D181 /* Project object */;
			proxyType = 1;
			remoteGlobalIDString = E5061B122CA8327D00E3D181;
			remoteInfo = Navigation;
		};
		E5AF47FB2CEA2EFA00205A61 /* PBXContainerItemProxy */ = {
			isa = PBXContainerItemProxy;
			containerPortal = E5061B0B2CA8327D00E3D181 /* Project object */;
			proxyType = 1;
			remoteGlobalIDString = E5AF47EF2CEA2EFA00205A61;
			remoteInfo = StorageService;
		};
		E5AF47FD2CEA2EFA00205A61 /* PBXContainerItemProxy */ = {
			isa = PBXContainerItemProxy;
			containerPortal = E5061B0B2CA8327D00E3D181 /* Project object */;
			proxyType = 1;
			remoteGlobalIDString = E5061B122CA8327D00E3D181;
			remoteInfo = Navigation;
		};
		E5AF48032CEA2EFA00205A61 /* PBXContainerItemProxy */ = {
			isa = PBXContainerItemProxy;
			containerPortal = E5061B0B2CA8327D00E3D181 /* Project object */;
			proxyType = 1;
			remoteGlobalIDString = E5AF47EF2CEA2EFA00205A61;
			remoteInfo = StorageService;
		};
/* End PBXContainerItemProxy section */

/* Begin PBXCopyFilesBuildPhase section */
		E5AF48072CEA2EFA00205A61 /* Embed Frameworks */ = {
			isa = PBXCopyFilesBuildPhase;
			buildActionMask = 2147483647;
			dstPath = "";
			dstSubfolderSpec = 10;
			files = (
				E5AF48062CEA2EFA00205A61 /* StorageService.framework in Embed Frameworks */,
			);
			name = "Embed Frameworks";
			runOnlyForDeploymentPostprocessing = 0;
		};
/* End PBXCopyFilesBuildPhase section */

/* Begin PBXFileReference section */
		E5061B132CA8327D00E3D181 /* Navigation.app */ = {isa = PBXFileReference; explicitFileType = wrapper.application; includeInIndex = 0; path = Navigation.app; sourceTree = BUILT_PRODUCTS_DIR; };
		E5061B162CA8327D00E3D181 /* AppDelegate.swift */ = {isa = PBXFileReference; lastKnownFileType = sourcecode.swift; path = AppDelegate.swift; sourceTree = "<group>"; };
		E5061B182CA8327D00E3D181 /* SceneDelegate.swift */ = {isa = PBXFileReference; lastKnownFileType = sourcecode.swift; path = SceneDelegate.swift; sourceTree = "<group>"; };
		E5061B1A2CA8327D00E3D181 /* ViewController.swift */ = {isa = PBXFileReference; lastKnownFileType = sourcecode.swift; path = ViewController.swift; sourceTree = "<group>"; };
		E5061B1F2CA8327E00E3D181 /* Assets.xcassets */ = {isa = PBXFileReference; lastKnownFileType = folder.assetcatalog; path = Assets.xcassets; sourceTree = "<group>"; };
		E5061B222CA8327E00E3D181 /* Base */ = {isa = PBXFileReference; lastKnownFileType = file.storyboard; name = Base; path = Base.lproj/LaunchScreen.storyboard; sourceTree = "<group>"; };
		E5061B242CA8327E00E3D181 /* Info.plist */ = {isa = PBXFileReference; lastKnownFileType = text.plist.xml; path = Info.plist; sourceTree = "<group>"; };
		E5061B292CA8327E00E3D181 /* NavigationTests.xctest */ = {isa = PBXFileReference; explicitFileType = wrapper.cfbundle; includeInIndex = 0; path = NavigationTests.xctest; sourceTree = BUILT_PRODUCTS_DIR; };
		E5061B332CA8327E00E3D181 /* NavigationUITests.xctest */ = {isa = PBXFileReference; explicitFileType = wrapper.cfbundle; includeInIndex = 0; path = NavigationUITests.xctest; sourceTree = BUILT_PRODUCTS_DIR; };
		E5061B462CA8675600E3D181 /* FeedViewController.swift */ = {isa = PBXFileReference; lastKnownFileType = sourcecode.swift; path = FeedViewController.swift; sourceTree = "<group>"; };
		E5061B4A2CA8691D00E3D181 /* PostViewController.swift */ = {isa = PBXFileReference; lastKnownFileType = sourcecode.swift; path = PostViewController.swift; sourceTree = "<group>"; };
		E5061B4E2CA86DA400E3D181 /* InfoViewController.swift */ = {isa = PBXFileReference; lastKnownFileType = sourcecode.swift; path = InfoViewController.swift; sourceTree = "<group>"; };
		E585CEF42CDF6E6A00236789 /* PhotosTableViewCell.swift */ = {isa = PBXFileReference; lastKnownFileType = sourcecode.swift; path = PhotosTableViewCell.swift; sourceTree = "<group>"; };
		E585CEF62CDF6F6500236789 /* PhotosViewController.swift */ = {isa = PBXFileReference; lastKnownFileType = sourcecode.swift; path = PhotosViewController.swift; sourceTree = "<group>"; };
		E585CEF82CDF6FA100236789 /* PhotosCollectionViewCell.swift */ = {isa = PBXFileReference; lastKnownFileType = sourcecode.swift; path = PhotosCollectionViewCell.swift; sourceTree = "<group>"; };
		E5ADC5E42CC3CFFD0078687B /* ProfileHeaderView.swift */ = {isa = PBXFileReference; lastKnownFileType = sourcecode.swift; path = ProfileHeaderView.swift; sourceTree = "<group>"; };
		E5ADC5E62CC3D47E0078687B /* ProfileViewController.swift */ = {isa = PBXFileReference; lastKnownFileType = sourcecode.swift; path = ProfileViewController.swift; sourceTree = "<group>"; };
		E5AF47F02CEA2EFA00205A61 /* StorageService.framework */ = {isa = PBXFileReference; explicitFileType = wrapper.framework; includeInIndex = 0; path = StorageService.framework; sourceTree = BUILT_PRODUCTS_DIR; };
		E5AF47F22CEA2EFA00205A61 /* StorageService.h */ = {isa = PBXFileReference; lastKnownFileType = sourcecode.c.h; path = StorageService.h; sourceTree = "<group>"; };
		E5AF47F32CEA2EFA00205A61 /* StorageService.docc */ = {isa = PBXFileReference; lastKnownFileType = folder.documentationcatalog; path = StorageService.docc; sourceTree = "<group>"; };
		E5AF47F92CEA2EFA00205A61 /* StorageServiceTests.xctest */ = {isa = PBXFileReference; explicitFileType = wrapper.cfbundle; includeInIndex = 0; path = StorageServiceTests.xctest; sourceTree = BUILT_PRODUCTS_DIR; };
		E5AF48002CEA2EFA00205A61 /* StorageServiceTests.swift */ = {isa = PBXFileReference; lastKnownFileType = sourcecode.swift; path = StorageServiceTests.swift; sourceTree = "<group>"; };
		E5AF480E2CEA2F9300205A61 /* Post.swift */ = {isa = PBXFileReference; lastKnownFileType = sourcecode.swift; path = Post.swift; sourceTree = "<group>"; };
/* End PBXFileReference section */

/* Begin PBXFrameworksBuildPhase section */
		E5061B102CA8327D00E3D181 /* Frameworks */ = {
			isa = PBXFrameworksBuildPhase;
			buildActionMask = 2147483647;
			files = (
				E5AF48052CEA2EFA00205A61 /* StorageService.framework in Frameworks */,
			);
			runOnlyForDeploymentPostprocessing = 0;
		};
		E5061B262CA8327E00E3D181 /* Frameworks */ = {
			isa = PBXFrameworksBuildPhase;
			buildActionMask = 2147483647;
			files = (
			);
			runOnlyForDeploymentPostprocessing = 0;
		};
		E5061B302CA8327E00E3D181 /* Frameworks */ = {
			isa = PBXFrameworksBuildPhase;
			buildActionMask = 2147483647;
			files = (
			);
			runOnlyForDeploymentPostprocessing = 0;
		};
		E5AF47ED2CEA2EFA00205A61 /* Frameworks */ = {
			isa = PBXFrameworksBuildPhase;
			buildActionMask = 2147483647;
			files = (
			);
			runOnlyForDeploymentPostprocessing = 0;
		};
		E5AF47F62CEA2EFA00205A61 /* Frameworks */ = {
			isa = PBXFrameworksBuildPhase;
			buildActionMask = 2147483647;
			files = (
				E5AF47FA2CEA2EFA00205A61 /* StorageService.framework in Frameworks */,
			);
			runOnlyForDeploymentPostprocessing = 0;
		};
/* End PBXFrameworksBuildPhase section */

/* Begin PBXGroup section */
		E5061B0A2CA8327D00E3D181 = {
			isa = PBXGroup;
			children = (
				E5061B152CA8327D00E3D181 /* Navigation */,
				E5AF47F12CEA2EFA00205A61 /* StorageService */,
				E5AF47FF2CEA2EFA00205A61 /* StorageServiceTests */,
				E5061B142CA8327D00E3D181 /* Products */,
			);
			sourceTree = "<group>";
		};
		E5061B142CA8327D00E3D181 /* Products */ = {
			isa = PBXGroup;
			children = (
				E5061B132CA8327D00E3D181 /* Navigation.app */,
				E5061B292CA8327E00E3D181 /* NavigationTests.xctest */,
				E5061B332CA8327E00E3D181 /* NavigationUITests.xctest */,
				E5AF47F02CEA2EFA00205A61 /* StorageService.framework */,
				E5AF47F92CEA2EFA00205A61 /* StorageServiceTests.xctest */,
			);
			name = Products;
			sourceTree = "<group>";
		};
		E5061B152CA8327D00E3D181 /* Navigation */ = {
			isa = PBXGroup;
			children = (
				E5061B162CA8327D00E3D181 /* AppDelegate.swift */,
				E5061B182CA8327D00E3D181 /* SceneDelegate.swift */,
				E5061B1A2CA8327D00E3D181 /* ViewController.swift */,
				E5061B1F2CA8327E00E3D181 /* Assets.xcassets */,
				E5061B212CA8327E00E3D181 /* LaunchScreen.storyboard */,
				E5061B462CA8675600E3D181 /* FeedViewController.swift */,
				E5061B4A2CA8691D00E3D181 /* PostViewController.swift */,
				E5061B4E2CA86DA400E3D181 /* InfoViewController.swift */,
				E5ADC5E42CC3CFFD0078687B /* ProfileHeaderView.swift */,
				E5ADC5E62CC3D47E0078687B /* ProfileViewController.swift */,
				E5061B242CA8327E00E3D181 /* Info.plist */,
				E585CEF42CDF6E6A00236789 /* PhotosTableViewCell.swift */,
				E585CEF62CDF6F6500236789 /* PhotosViewController.swift */,
				E585CEF82CDF6FA100236789 /* PhotosCollectionViewCell.swift */,
			);
			path = Navigation;
			sourceTree = "<group>";
		};
		E5AF47F12CEA2EFA00205A61 /* StorageService */ = {
			isa = PBXGroup;
			children = (
				E5AF47F22CEA2EFA00205A61 /* StorageService.h */,
				E5AF47F32CEA2EFA00205A61 /* StorageService.docc */,
				E5AF480E2CEA2F9300205A61 /* Post.swift */,
			);
			path = StorageService;
			sourceTree = "<group>";
		};
		E5AF47FF2CEA2EFA00205A61 /* StorageServiceTests */ = {
			isa = PBXGroup;
			children = (
				E5AF48002CEA2EFA00205A61 /* StorageServiceTests.swift */,
			);
			path = StorageServiceTests;
			sourceTree = "<group>";
		};
/* End PBXGroup section */

/* Begin PBXHeadersBuildPhase section */
		E5AF47EB2CEA2EFA00205A61 /* Headers */ = {
			isa = PBXHeadersBuildPhase;
			buildActionMask = 2147483647;
			files = (
				E5AF48022CEA2EFA00205A61 /* StorageService.h in Headers */,
			);
			runOnlyForDeploymentPostprocessing = 0;
		};
/* End PBXHeadersBuildPhase section */

/* Begin PBXNativeTarget section */
		E5061B122CA8327D00E3D181 /* Navigation */ = {
			isa = PBXNativeTarget;
			buildConfigurationList = E5061B3D2CA8327E00E3D181 /* Build configuration list for PBXNativeTarget "Navigation" */;
			buildPhases = (
				E5061B0F2CA8327D00E3D181 /* Sources */,
				E5061B102CA8327D00E3D181 /* Frameworks */,
				E5061B112CA8327D00E3D181 /* Resources */,
				E5AF48072CEA2EFA00205A61 /* Embed Frameworks */,
			);
			buildRules = (
			);
			dependencies = (
				E5AF48042CEA2EFA00205A61 /* PBXTargetDependency */,
			);
			name = Navigation;
			productName = Navigation;
			productReference = E5061B132CA8327D00E3D181 /* Navigation.app */;
			productType = "com.apple.product-type.application";
		};
		E5061B282CA8327E00E3D181 /* NavigationTests */ = {
			isa = PBXNativeTarget;
			buildConfigurationList = E5061B402CA8327E00E3D181 /* Build configuration list for PBXNativeTarget "NavigationTests" */;
			buildPhases = (
				E5061B252CA8327E00E3D181 /* Sources */,
				E5061B262CA8327E00E3D181 /* Frameworks */,
				E5061B272CA8327E00E3D181 /* Resources */,
			);
			buildRules = (
			);
			dependencies = (
				E5061B2B2CA8327E00E3D181 /* PBXTargetDependency */,
			);
			name = NavigationTests;
			productName = NavigationTests;
			productReference = E5061B292CA8327E00E3D181 /* NavigationTests.xctest */;
			productType = "com.apple.product-type.bundle.unit-test";
		};
		E5061B322CA8327E00E3D181 /* NavigationUITests */ = {
			isa = PBXNativeTarget;
			buildConfigurationList = E5061B432CA8327E00E3D181 /* Build configuration list for PBXNativeTarget "NavigationUITests" */;
			buildPhases = (
				E5061B2F2CA8327E00E3D181 /* Sources */,
				E5061B302CA8327E00E3D181 /* Frameworks */,
				E5061B312CA8327E00E3D181 /* Resources */,
			);
			buildRules = (
			);
			dependencies = (
				E5061B352CA8327E00E3D181 /* PBXTargetDependency */,
			);
			name = NavigationUITests;
			productName = NavigationUITests;
			productReference = E5061B332CA8327E00E3D181 /* NavigationUITests.xctest */;
			productType = "com.apple.product-type.bundle.ui-testing";
		};
		E5AF47EF2CEA2EFA00205A61 /* StorageService */ = {
			isa = PBXNativeTarget;
			buildConfigurationList = E5AF480C2CEA2EFA00205A61 /* Build configuration list for PBXNativeTarget "StorageService" */;
			buildPhases = (
				E5AF47EB2CEA2EFA00205A61 /* Headers */,
				E5AF47EC2CEA2EFA00205A61 /* Sources */,
				E5AF47ED2CEA2EFA00205A61 /* Frameworks */,
				E5AF47EE2CEA2EFA00205A61 /* Resources */,
			);
			buildRules = (
			);
			dependencies = (
			);
			name = StorageService;
			productName = StorageService;
			productReference = E5AF47F02CEA2EFA00205A61 /* StorageService.framework */;
			productType = "com.apple.product-type.framework";
		};
		E5AF47F82CEA2EFA00205A61 /* StorageServiceTests */ = {
			isa = PBXNativeTarget;
			buildConfigurationList = E5AF480D2CEA2EFA00205A61 /* Build configuration list for PBXNativeTarget "StorageServiceTests" */;
			buildPhases = (
				E5AF47F52CEA2EFA00205A61 /* Sources */,
				E5AF47F62CEA2EFA00205A61 /* Frameworks */,
				E5AF47F72CEA2EFA00205A61 /* Resources */,
			);
			buildRules = (
			);
			dependencies = (
				E5AF47FC2CEA2EFA00205A61 /* PBXTargetDependency */,
				E5AF47FE2CEA2EFA00205A61 /* PBXTargetDependency */,
			);
			name = StorageServiceTests;
			productName = StorageServiceTests;
			productReference = E5AF47F92CEA2EFA00205A61 /* StorageServiceTests.xctest */;
			productType = "com.apple.product-type.bundle.unit-test";
		};
/* End PBXNativeTarget section */

/* Begin PBXProject section */
		E5061B0B2CA8327D00E3D181 /* Project object */ = {
			isa = PBXProject;
			attributes = {
				BuildIndependentTargetsInParallel = 1;
				LastSwiftUpdateCheck = 1540;
				LastUpgradeCheck = 1510;
				TargetAttributes = {
					E5061B122CA8327D00E3D181 = {
						CreatedOnToolsVersion = 15.1;
					};
					E5061B282CA8327E00E3D181 = {
						CreatedOnToolsVersion = 15.1;
						TestTargetID = E5061B122CA8327D00E3D181;
					};
					E5061B322CA8327E00E3D181 = {
						CreatedOnToolsVersion = 15.1;
						TestTargetID = E5061B122CA8327D00E3D181;
					};
					E5AF47EF2CEA2EFA00205A61 = {
						CreatedOnToolsVersion = 15.4;
					};
					E5AF47F82CEA2EFA00205A61 = {
						CreatedOnToolsVersion = 15.4;
						TestTargetID = E5061B122CA8327D00E3D181;
					};
				};
			};
			buildConfigurationList = E5061B0E2CA8327D00E3D181 /* Build configuration list for PBXProject "Navigation" */;
			compatibilityVersion = "Xcode 14.0";
			developmentRegion = en;
			hasScannedForEncodings = 0;
			knownRegions = (
				en,
				Base,
			);
			mainGroup = E5061B0A2CA8327D00E3D181;
			productRefGroup = E5061B142CA8327D00E3D181 /* Products */;
			projectDirPath = "";
			projectRoot = "";
			targets = (
				E5061B122CA8327D00E3D181 /* Navigation */,
				E5061B282CA8327E00E3D181 /* NavigationTests */,
				E5061B322CA8327E00E3D181 /* NavigationUITests */,
				E5AF47EF2CEA2EFA00205A61 /* StorageService */,
				E5AF47F82CEA2EFA00205A61 /* StorageServiceTests */,
			);
		};
/* End PBXProject section */

/* Begin PBXResourcesBuildPhase section */
		E5061B112CA8327D00E3D181 /* Resources */ = {
			isa = PBXResourcesBuildPhase;
			buildActionMask = 2147483647;
			files = (
				E5061B232CA8327E00E3D181 /* LaunchScreen.storyboard in Resources */,
				E5061B202CA8327E00E3D181 /* Assets.xcassets in Resources */,
			);
			runOnlyForDeploymentPostprocessing = 0;
		};
		E5061B272CA8327E00E3D181 /* Resources */ = {
			isa = PBXResourcesBuildPhase;
			buildActionMask = 2147483647;
			files = (
			);
			runOnlyForDeploymentPostprocessing = 0;
		};
		E5061B312CA8327E00E3D181 /* Resources */ = {
			isa = PBXResourcesBuildPhase;
			buildActionMask = 2147483647;
			files = (
			);
			runOnlyForDeploymentPostprocessing = 0;
		};
		E5AF47EE2CEA2EFA00205A61 /* Resources */ = {
			isa = PBXResourcesBuildPhase;
			buildActionMask = 2147483647;
			files = (
			);
			runOnlyForDeploymentPostprocessing = 0;
		};
		E5AF47F72CEA2EFA00205A61 /* Resources */ = {
			isa = PBXResourcesBuildPhase;
			buildActionMask = 2147483647;
			files = (
			);
			runOnlyForDeploymentPostprocessing = 0;
		};
/* End PBXResourcesBuildPhase section */

/* Begin PBXSourcesBuildPhase section */
		E5061B0F2CA8327D00E3D181 /* Sources */ = {
			isa = PBXSourcesBuildPhase;
			buildActionMask = 2147483647;
			files = (
				E585CEF52CDF6E6A00236789 /* PhotosTableViewCell.swift in Sources */,
				E585CEF72CDF6F6500236789 /* PhotosViewController.swift in Sources */,
				E5061B4B2CA8691D00E3D181 /* PostViewController.swift in Sources */,
				E5061B1B2CA8327D00E3D181 /* ViewController.swift in Sources */,
				E5061B172CA8327D00E3D181 /* AppDelegate.swift in Sources */,
				E585CEF92CDF6FA100236789 /* PhotosCollectionViewCell.swift in Sources */,
				E5061B472CA8675600E3D181 /* FeedViewController.swift in Sources */,
				E5061B4F2CA86DA400E3D181 /* InfoViewController.swift in Sources */,
				E5ADC5E72CC3D47E0078687B /* ProfileViewController.swift in Sources */,
				E5ADC5E52CC3CFFD0078687B /* ProfileHeaderView.swift in Sources */,
				E5061B192CA8327D00E3D181 /* SceneDelegate.swift in Sources */,
			);
			runOnlyForDeploymentPostprocessing = 0;
		};
		E5061B252CA8327E00E3D181 /* Sources */ = {
			isa = PBXSourcesBuildPhase;
			buildActionMask = 2147483647;
			files = (
			);
			runOnlyForDeploymentPostprocessing = 0;
		};
		E5061B2F2CA8327E00E3D181 /* Sources */ = {
			isa = PBXSourcesBuildPhase;
			buildActionMask = 2147483647;
			files = (
			);
			runOnlyForDeploymentPostprocessing = 0;
		};
		E5AF47EC2CEA2EFA00205A61 /* Sources */ = {
			isa = PBXSourcesBuildPhase;
			buildActionMask = 2147483647;
			files = (
				E5AF47F42CEA2EFA00205A61 /* StorageService.docc in Sources */,
				E5AF480F2CEA2F9300205A61 /* Post.swift in Sources */,
			);
			runOnlyForDeploymentPostprocessing = 0;
		};
		E5AF47F52CEA2EFA00205A61 /* Sources */ = {
			isa = PBXSourcesBuildPhase;
			buildActionMask = 2147483647;
			files = (
				E5AF48012CEA2EFA00205A61 /* StorageServiceTests.swift in Sources */,
			);
			runOnlyForDeploymentPostprocessing = 0;
		};
/* End PBXSourcesBuildPhase section */

/* Begin PBXTargetDependency section */
		E5061B2B2CA8327E00E3D181 /* PBXTargetDependency */ = {
			isa = PBXTargetDependency;
			target = E5061B122CA8327D00E3D181 /* Navigation */;
			targetProxy = E5061B2A2CA8327E00E3D181 /* PBXContainerItemProxy */;
		};
		E5061B352CA8327E00E3D181 /* PBXTargetDependency */ = {
			isa = PBXTargetDependency;
			target = E5061B122CA8327D00E3D181 /* Navigation */;
			targetProxy = E5061B342CA8327E00E3D181 /* PBXContainerItemProxy */;
		};
		E5AF47FC2CEA2EFA00205A61 /* PBXTargetDependency */ = {
			isa = PBXTargetDependency;
			target = E5AF47EF2CEA2EFA00205A61 /* StorageService */;
			targetProxy = E5AF47FB2CEA2EFA00205A61 /* PBXContainerItemProxy */;
		};
		E5AF47FE2CEA2EFA00205A61 /* PBXTargetDependency */ = {
			isa = PBXTargetDependency;
			target = E5061B122CA8327D00E3D181 /* Navigation */;
			targetProxy = E5AF47FD2CEA2EFA00205A61 /* PBXContainerItemProxy */;
		};
		E5AF48042CEA2EFA00205A61 /* PBXTargetDependency */ = {
			isa = PBXTargetDependency;
			target = E5AF47EF2CEA2EFA00205A61 /* StorageService */;
			targetProxy = E5AF48032CEA2EFA00205A61 /* PBXContainerItemProxy */;
		};
/* End PBXTargetDependency section */

/* Begin PBXVariantGroup section */
		E5061B212CA8327E00E3D181 /* LaunchScreen.storyboard */ = {
			isa = PBXVariantGroup;
			children = (
				E5061B222CA8327E00E3D181 /* Base */,
			);
			name = LaunchScreen.storyboard;
			sourceTree = "<group>";
		};
/* End PBXVariantGroup section */

/* Begin XCBuildConfiguration section */
		E5061B3B2CA8327E00E3D181 /* Debug */ = {
			isa = XCBuildConfiguration;
			buildSettings = {
				ALWAYS_SEARCH_USER_PATHS = NO;
				ASSETCATALOG_COMPILER_GENERATE_SWIFT_ASSET_SYMBOL_EXTENSIONS = YES;
				CLANG_ANALYZER_NONNULL = YES;
				CLANG_ANALYZER_NUMBER_OBJECT_CONVERSION = YES_AGGRESSIVE;
				CLANG_CXX_LANGUAGE_STANDARD = "gnu++20";
				CLANG_ENABLE_MODULES = YES;
				CLANG_ENABLE_OBJC_ARC = YES;
				CLANG_ENABLE_OBJC_WEAK = YES;
				CLANG_WARN_BLOCK_CAPTURE_AUTORELEASING = YES;
				CLANG_WARN_BOOL_CONVERSION = YES;
				CLANG_WARN_COMMA = YES;
				CLANG_WARN_CONSTANT_CONVERSION = YES;
				CLANG_WARN_DEPRECATED_OBJC_IMPLEMENTATIONS = YES;
				CLANG_WARN_DIRECT_OBJC_ISA_USAGE = YES_ERROR;
				CLANG_WARN_DOCUMENTATION_COMMENTS = YES;
				CLANG_WARN_EMPTY_BODY = YES;
				CLANG_WARN_ENUM_CONVERSION = YES;
				CLANG_WARN_INFINITE_RECURSION = YES;
				CLANG_WARN_INT_CONVERSION = YES;
				CLANG_WARN_NON_LITERAL_NULL_CONVERSION = YES;
				CLANG_WARN_OBJC_IMPLICIT_RETAIN_SELF = YES;
				CLANG_WARN_OBJC_LITERAL_CONVERSION = YES;
				CLANG_WARN_OBJC_ROOT_CLASS = YES_ERROR;
				CLANG_WARN_QUOTED_INCLUDE_IN_FRAMEWORK_HEADER = YES;
				CLANG_WARN_RANGE_LOOP_ANALYSIS = YES;
				CLANG_WARN_STRICT_PROTOTYPES = YES;
				CLANG_WARN_SUSPICIOUS_MOVE = YES;
				CLANG_WARN_UNGUARDED_AVAILABILITY = YES_AGGRESSIVE;
				CLANG_WARN_UNREACHABLE_CODE = YES;
				CLANG_WARN__DUPLICATE_METHOD_MATCH = YES;
				COPY_PHASE_STRIP = NO;
				DEBUG_INFORMATION_FORMAT = dwarf;
				ENABLE_STRICT_OBJC_MSGSEND = YES;
				ENABLE_TESTABILITY = YES;
				ENABLE_USER_SCRIPT_SANDBOXING = YES;
				GCC_C_LANGUAGE_STANDARD = gnu17;
				GCC_DYNAMIC_NO_PIC = NO;
				GCC_NO_COMMON_BLOCKS = YES;
				GCC_OPTIMIZATION_LEVEL = 0;
				GCC_PREPROCESSOR_DEFINITIONS = (
					"DEBUG=1",
					"$(inherited)",
				);
				GCC_WARN_64_TO_32_BIT_CONVERSION = YES;
				GCC_WARN_ABOUT_RETURN_TYPE = YES_ERROR;
				GCC_WARN_UNDECLARED_SELECTOR = YES;
				GCC_WARN_UNINITIALIZED_AUTOS = YES_AGGRESSIVE;
				GCC_WARN_UNUSED_FUNCTION = YES;
				GCC_WARN_UNUSED_VARIABLE = YES;
				IPHONEOS_DEPLOYMENT_TARGET = 17.2;
				LOCALIZATION_PREFERS_STRING_CATALOGS = YES;
				MTL_ENABLE_DEBUG_INFO = INCLUDE_SOURCE;
				MTL_FAST_MATH = YES;
				ONLY_ACTIVE_ARCH = YES;
				SDKROOT = iphoneos;
				SWIFT_ACTIVE_COMPILATION_CONDITIONS = "DEBUG $(inherited)";
				SWIFT_OPTIMIZATION_LEVEL = "-Onone";
			};
			name = Debug;
		};
		E5061B3C2CA8327E00E3D181 /* Release */ = {
			isa = XCBuildConfiguration;
			buildSettings = {
				ALWAYS_SEARCH_USER_PATHS = NO;
				ASSETCATALOG_COMPILER_GENERATE_SWIFT_ASSET_SYMBOL_EXTENSIONS = YES;
				CLANG_ANALYZER_NONNULL = YES;
				CLANG_ANALYZER_NUMBER_OBJECT_CONVERSION = YES_AGGRESSIVE;
				CLANG_CXX_LANGUAGE_STANDARD = "gnu++20";
				CLANG_ENABLE_MODULES = YES;
				CLANG_ENABLE_OBJC_ARC = YES;
				CLANG_ENABLE_OBJC_WEAK = YES;
				CLANG_WARN_BLOCK_CAPTURE_AUTORELEASING = YES;
				CLANG_WARN_BOOL_CONVERSION = YES;
				CLANG_WARN_COMMA = YES;
				CLANG_WARN_CONSTANT_CONVERSION = YES;
				CLANG_WARN_DEPRECATED_OBJC_IMPLEMENTATIONS = YES;
				CLANG_WARN_DIRECT_OBJC_ISA_USAGE = YES_ERROR;
				CLANG_WARN_DOCUMENTATION_COMMENTS = YES;
				CLANG_WARN_EMPTY_BODY = YES;
				CLANG_WARN_ENUM_CONVERSION = YES;
				CLANG_WARN_INFINITE_RECURSION = YES;
				CLANG_WARN_INT_CONVERSION = YES;
				CLANG_WARN_NON_LITERAL_NULL_CONVERSION = YES;
				CLANG_WARN_OBJC_IMPLICIT_RETAIN_SELF = YES;
				CLANG_WARN_OBJC_LITERAL_CONVERSION = YES;
				CLANG_WARN_OBJC_ROOT_CLASS = YES_ERROR;
				CLANG_WARN_QUOTED_INCLUDE_IN_FRAMEWORK_HEADER = YES;
				CLANG_WARN_RANGE_LOOP_ANALYSIS = YES;
				CLANG_WARN_STRICT_PROTOTYPES = YES;
				CLANG_WARN_SUSPICIOUS_MOVE = YES;
				CLANG_WARN_UNGUARDED_AVAILABILITY = YES_AGGRESSIVE;
				CLANG_WARN_UNREACHABLE_CODE = YES;
				CLANG_WARN__DUPLICATE_METHOD_MATCH = YES;
				COPY_PHASE_STRIP = NO;
				DEBUG_INFORMATION_FORMAT = "dwarf-with-dsym";
				ENABLE_NS_ASSERTIONS = NO;
				ENABLE_STRICT_OBJC_MSGSEND = YES;
				ENABLE_USER_SCRIPT_SANDBOXING = YES;
				GCC_C_LANGUAGE_STANDARD = gnu17;
				GCC_NO_COMMON_BLOCKS = YES;
				GCC_WARN_64_TO_32_BIT_CONVERSION = YES;
				GCC_WARN_ABOUT_RETURN_TYPE = YES_ERROR;
				GCC_WARN_UNDECLARED_SELECTOR = YES;
				GCC_WARN_UNINITIALIZED_AUTOS = YES_AGGRESSIVE;
				GCC_WARN_UNUSED_FUNCTION = YES;
				GCC_WARN_UNUSED_VARIABLE = YES;
				IPHONEOS_DEPLOYMENT_TARGET = 17.2;
				LOCALIZATION_PREFERS_STRING_CATALOGS = YES;
				MTL_ENABLE_DEBUG_INFO = NO;
				MTL_FAST_MATH = YES;
				SDKROOT = iphoneos;
				SWIFT_COMPILATION_MODE = wholemodule;
				VALIDATE_PRODUCT = YES;
			};
			name = Release;
		};
		E5061B3E2CA8327E00E3D181 /* Debug */ = {
			isa = XCBuildConfiguration;
			buildSettings = {
				ALWAYS_EMBED_SWIFT_STANDARD_LIBRARIES = YES;
				ASSETCATALOG_COMPILER_APPICON_NAME = AppIcon;
				ASSETCATALOG_COMPILER_GLOBAL_ACCENT_COLOR_NAME = AccentColor;
				CODE_SIGN_STYLE = Automatic;
				CURRENT_PROJECT_VERSION = 1;
				GENERATE_INFOPLIST_FILE = YES;
				INFOPLIST_FILE = Navigation/Info.plist;
				INFOPLIST_KEY_UIApplicationSupportsIndirectInputEvents = YES;
				INFOPLIST_KEY_UILaunchStoryboardName = LaunchScreen;
				INFOPLIST_KEY_UISupportedInterfaceOrientations_iPad = "UIInterfaceOrientationPortrait UIInterfaceOrientationPortraitUpsideDown UIInterfaceOrientationLandscapeLeft UIInterfaceOrientationLandscapeRight";
				INFOPLIST_KEY_UISupportedInterfaceOrientations_iPhone = "UIInterfaceOrientationPortrait UIInterfaceOrientationLandscapeLeft UIInterfaceOrientationLandscapeRight";
				LD_RUNPATH_SEARCH_PATHS = (
					"$(inherited)",
					"@executable_path/Frameworks",
				);
				MARKETING_VERSION = 1.0;
				PRODUCT_BUNDLE_IDENTIFIER = com.navigation.Navigation;
				PRODUCT_NAME = "$(TARGET_NAME)";
				SWIFT_EMIT_LOC_STRINGS = YES;
				SWIFT_VERSION = 5.0;
				TARGETED_DEVICE_FAMILY = "1,2";
			};
			name = Debug;
		};
		E5061B3F2CA8327E00E3D181 /* Release */ = {
			isa = XCBuildConfiguration;
			buildSettings = {
				ALWAYS_EMBED_SWIFT_STANDARD_LIBRARIES = YES;
				ASSETCATALOG_COMPILER_APPICON_NAME = AppIcon;
				ASSETCATALOG_COMPILER_GLOBAL_ACCENT_COLOR_NAME = AccentColor;
				CODE_SIGN_STYLE = Automatic;
				CURRENT_PROJECT_VERSION = 1;
				GENERATE_INFOPLIST_FILE = YES;
				INFOPLIST_FILE = Navigation/Info.plist;
				INFOPLIST_KEY_UIApplicationSupportsIndirectInputEvents = YES;
				INFOPLIST_KEY_UILaunchStoryboardName = LaunchScreen;
				INFOPLIST_KEY_UISupportedInterfaceOrientations_iPad = "UIInterfaceOrientationPortrait UIInterfaceOrientationPortraitUpsideDown UIInterfaceOrientationLandscapeLeft UIInterfaceOrientationLandscapeRight";
				INFOPLIST_KEY_UISupportedInterfaceOrientations_iPhone = "UIInterfaceOrientationPortrait UIInterfaceOrientationLandscapeLeft UIInterfaceOrientationLandscapeRight";
				LD_RUNPATH_SEARCH_PATHS = (
					"$(inherited)",
					"@executable_path/Frameworks",
				);
				MARKETING_VERSION = 1.0;
				PRODUCT_BUNDLE_IDENTIFIER = com.navigation.Navigation;
				PRODUCT_NAME = "$(TARGET_NAME)";
				SWIFT_EMIT_LOC_STRINGS = YES;
				SWIFT_VERSION = 5.0;
				TARGETED_DEVICE_FAMILY = "1,2";
			};
			name = Release;
		};
		E5061B412CA8327E00E3D181 /* Debug */ = {
			isa = XCBuildConfiguration;
			buildSettings = {
				ALWAYS_EMBED_SWIFT_STANDARD_LIBRARIES = YES;
				BUNDLE_LOADER = "$(TEST_HOST)";
				CODE_SIGN_STYLE = Automatic;
				CURRENT_PROJECT_VERSION = 1;
				GENERATE_INFOPLIST_FILE = YES;
				IPHONEOS_DEPLOYMENT_TARGET = 17.2;
				MARKETING_VERSION = 1.0;
				PRODUCT_BUNDLE_IDENTIFIER = com.navigation.NavigationTests;
				PRODUCT_NAME = "$(TARGET_NAME)";
				SWIFT_EMIT_LOC_STRINGS = NO;
				SWIFT_VERSION = 5.0;
				TARGETED_DEVICE_FAMILY = "1,2";
				TEST_HOST = "$(BUILT_PRODUCTS_DIR)/Navigation.app/$(BUNDLE_EXECUTABLE_FOLDER_PATH)/Navigation";
			};
			name = Debug;
		};
		E5061B422CA8327E00E3D181 /* Release */ = {
			isa = XCBuildConfiguration;
			buildSettings = {
				ALWAYS_EMBED_SWIFT_STANDARD_LIBRARIES = YES;
				BUNDLE_LOADER = "$(TEST_HOST)";
				CODE_SIGN_STYLE = Automatic;
				CURRENT_PROJECT_VERSION = 1;
				GENERATE_INFOPLIST_FILE = YES;
				IPHONEOS_DEPLOYMENT_TARGET = 17.2;
				MARKETING_VERSION = 1.0;
				PRODUCT_BUNDLE_IDENTIFIER = com.navigation.NavigationTests;
				PRODUCT_NAME = "$(TARGET_NAME)";
				SWIFT_EMIT_LOC_STRINGS = NO;
				SWIFT_VERSION = 5.0;
				TARGETED_DEVICE_FAMILY = "1,2";
				TEST_HOST = "$(BUILT_PRODUCTS_DIR)/Navigation.app/$(BUNDLE_EXECUTABLE_FOLDER_PATH)/Navigation";
			};
			name = Release;
		};
		E5061B442CA8327E00E3D181 /* Debug */ = {
			isa = XCBuildConfiguration;
			buildSettings = {
				ALWAYS_EMBED_SWIFT_STANDARD_LIBRARIES = YES;
				CODE_SIGN_STYLE = Automatic;
				CURRENT_PROJECT_VERSION = 1;
				GENERATE_INFOPLIST_FILE = YES;
				MARKETING_VERSION = 1.0;
				PRODUCT_BUNDLE_IDENTIFIER = com.navigation.NavigationUITests;
				PRODUCT_NAME = "$(TARGET_NAME)";
				SWIFT_EMIT_LOC_STRINGS = NO;
				SWIFT_VERSION = 5.0;
				TARGETED_DEVICE_FAMILY = "1,2";
				TEST_TARGET_NAME = Navigation;
			};
			name = Debug;
		};
		E5061B452CA8327E00E3D181 /* Release */ = {
			isa = XCBuildConfiguration;
			buildSettings = {
				ALWAYS_EMBED_SWIFT_STANDARD_LIBRARIES = YES;
				CODE_SIGN_STYLE = Automatic;
				CURRENT_PROJECT_VERSION = 1;
				GENERATE_INFOPLIST_FILE = YES;
				MARKETING_VERSION = 1.0;
				PRODUCT_BUNDLE_IDENTIFIER = com.navigation.NavigationUITests;
				PRODUCT_NAME = "$(TARGET_NAME)";
				SWIFT_EMIT_LOC_STRINGS = NO;
				SWIFT_VERSION = 5.0;
				TARGETED_DEVICE_FAMILY = "1,2";
				TEST_TARGET_NAME = Navigation;
			};
			name = Release;
		};
		E5AF48082CEA2EFA00205A61 /* Debug */ = {
			isa = XCBuildConfiguration;
			buildSettings = {
				BUILD_LIBRARY_FOR_DISTRIBUTION = YES;
				CODE_SIGN_STYLE = Automatic;
				CURRENT_PROJECT_VERSION = 1;
				DEFINES_MODULE = YES;
				DYLIB_COMPATIBILITY_VERSION = 1;
				DYLIB_CURRENT_VERSION = 1;
				DYLIB_INSTALL_NAME_BASE = "@rpath";
				ENABLE_MODULE_VERIFIER = YES;
				GENERATE_INFOPLIST_FILE = YES;
				INFOPLIST_KEY_NSHumanReadableCopyright = "";
				INSTALL_PATH = "$(LOCAL_LIBRARY_DIR)/Frameworks";
				IPHONEOS_DEPLOYMENT_TARGET = 17.5;
				LD_RUNPATH_SEARCH_PATHS = (
					"$(inherited)",
					"@executable_path/Frameworks",
					"@loader_path/Frameworks",
				);
				MARKETING_VERSION = 1.0;
				MODULE_VERIFIER_SUPPORTED_LANGUAGES = "objective-c objective-c++";
				MODULE_VERIFIER_SUPPORTED_LANGUAGE_STANDARDS = "gnu17 gnu++20";
				PRODUCT_BUNDLE_IDENTIFIER = com.navigation.StorageService;
				PRODUCT_NAME = "$(TARGET_NAME:c99extidentifier)";
				SKIP_INSTALL = YES;
				SWIFT_EMIT_LOC_STRINGS = YES;
				SWIFT_INSTALL_OBJC_HEADER = NO;
				SWIFT_VERSION = 5.0;
				TARGETED_DEVICE_FAMILY = "1,2";
				VERSIONING_SYSTEM = "apple-generic";
				VERSION_INFO_PREFIX = "";
			};
			name = Debug;
		};
		E5AF48092CEA2EFA00205A61 /* Release */ = {
			isa = XCBuildConfiguration;
			buildSettings = {
				BUILD_LIBRARY_FOR_DISTRIBUTION = YES;
				CODE_SIGN_STYLE = Automatic;
				CURRENT_PROJECT_VERSION = 1;
				DEFINES_MODULE = YES;
				DYLIB_COMPATIBILITY_VERSION = 1;
				DYLIB_CURRENT_VERSION = 1;
				DYLIB_INSTALL_NAME_BASE = "@rpath";
				ENABLE_MODULE_VERIFIER = YES;
				GENERATE_INFOPLIST_FILE = YES;
				INFOPLIST_KEY_NSHumanReadableCopyright = "";
				INSTALL_PATH = "$(LOCAL_LIBRARY_DIR)/Frameworks";
				IPHONEOS_DEPLOYMENT_TARGET = 17.5;
				LD_RUNPATH_SEARCH_PATHS = (
					"$(inherited)",
					"@executable_path/Frameworks",
					"@loader_path/Frameworks",
				);
				MARKETING_VERSION = 1.0;
				MODULE_VERIFIER_SUPPORTED_LANGUAGES = "objective-c objective-c++";
				MODULE_VERIFIER_SUPPORTED_LANGUAGE_STANDARDS = "gnu17 gnu++20";
				PRODUCT_BUNDLE_IDENTIFIER = com.navigation.StorageService;
				PRODUCT_NAME = "$(TARGET_NAME:c99extidentifier)";
				SKIP_INSTALL = YES;
				SWIFT_EMIT_LOC_STRINGS = YES;
				SWIFT_INSTALL_OBJC_HEADER = NO;
				SWIFT_VERSION = 5.0;
				TARGETED_DEVICE_FAMILY = "1,2";
				VERSIONING_SYSTEM = "apple-generic";
				VERSION_INFO_PREFIX = "";
			};
			name = Release;
		};
		E5AF480A2CEA2EFA00205A61 /* Debug */ = {
			isa = XCBuildConfiguration;
			buildSettings = {
				ALWAYS_EMBED_SWIFT_STANDARD_LIBRARIES = YES;
				CODE_SIGN_STYLE = Automatic;
				CURRENT_PROJECT_VERSION = 1;
				GENERATE_INFOPLIST_FILE = YES;
				IPHONEOS_DEPLOYMENT_TARGET = 17.5;
				MARKETING_VERSION = 1.0;
				PRODUCT_BUNDLE_IDENTIFIER = com.navigation.StorageServiceTests;
				PRODUCT_NAME = "$(TARGET_NAME)";
				SWIFT_EMIT_LOC_STRINGS = NO;
				SWIFT_VERSION = 5.0;
				TARGETED_DEVICE_FAMILY = "1,2";
				TEST_HOST = "$(BUILT_PRODUCTS_DIR)/Navigation.app/$(BUNDLE_EXECUTABLE_FOLDER_PATH)/Navigation";
			};
			name = Debug;
		};
		E5AF480B2CEA2EFA00205A61 /* Release */ = {
			isa = XCBuildConfiguration;
			buildSettings = {
				ALWAYS_EMBED_SWIFT_STANDARD_LIBRARIES = YES;
				CODE_SIGN_STYLE = Automatic;
				CURRENT_PROJECT_VERSION = 1;
				GENERATE_INFOPLIST_FILE = YES;
				IPHONEOS_DEPLOYMENT_TARGET = 17.5;
				MARKETING_VERSION = 1.0;
				PRODUCT_BUNDLE_IDENTIFIER = com.navigation.StorageServiceTests;
				PRODUCT_NAME = "$(TARGET_NAME)";
				SWIFT_EMIT_LOC_STRINGS = NO;
				SWIFT_VERSION = 5.0;
				TARGETED_DEVICE_FAMILY = "1,2";
				TEST_HOST = "$(BUILT_PRODUCTS_DIR)/Navigation.app/$(BUNDLE_EXECUTABLE_FOLDER_PATH)/Navigation";
			};
			name = Release;
		};
/* End XCBuildConfiguration section */

/* Begin XCConfigurationList section */
		E5061B0E2CA8327D00E3D181 /* Build configuration list for PBXProject "Navigation" */ = {
			isa = XCConfigurationList;
			buildConfigurations = (
				E5061B3B2CA8327E00E3D181 /* Debug */,
				E5061B3C2CA8327E00E3D181 /* Release */,
			);
			defaultConfigurationIsVisible = 0;
			defaultConfigurationName = Release;
		};
		E5061B3D2CA8327E00E3D181 /* Build configuration list for PBXNativeTarget "Navigation" */ = {
			isa = XCConfigurationList;
			buildConfigurations = (
				E5061B3E2CA8327E00E3D181 /* Debug */,
				E5061B3F2CA8327E00E3D181 /* Release */,
			);
			defaultConfigurationIsVisible = 0;
			defaultConfigurationName = Release;
		};
		E5061B402CA8327E00E3D181 /* Build configuration list for PBXNativeTarget "NavigationTests" */ = {
			isa = XCConfigurationList;
			buildConfigurations = (
				E5061B412CA8327E00E3D181 /* Debug */,
				E5061B422CA8327E00E3D181 /* Release */,
			);
			defaultConfigurationIsVisible = 0;
			defaultConfigurationName = Release;
		};
		E5061B432CA8327E00E3D181 /* Build configuration list for PBXNativeTarget "NavigationUITests" */ = {
			isa = XCConfigurationList;
			buildConfigurations = (
				E5061B442CA8327E00E3D181 /* Debug */,
				E5061B452CA8327E00E3D181 /* Release */,
			);
			defaultConfigurationIsVisible = 0;
			defaultConfigurationName = Release;
		};
		E5AF480C2CEA2EFA00205A61 /* Build configuration list for PBXNativeTarget "StorageService" */ = {
			isa = XCConfigurationList;
			buildConfigurations = (
				E5AF48082CEA2EFA00205A61 /* Debug */,
				E5AF48092CEA2EFA00205A61 /* Release */,
			);
			defaultConfigurationIsVisible = 0;
			defaultConfigurationName = Release;
		};
		E5AF480D2CEA2EFA00205A61 /* Build configuration list for PBXNativeTarget "StorageServiceTests" */ = {
			isa = XCConfigurationList;
			buildConfigurations = (
				E5AF480A2CEA2EFA00205A61 /* Debug */,
				E5AF480B2CEA2EFA00205A61 /* Release */,
			);
			defaultConfigurationIsVisible = 0;
			defaultConfigurationName = Release;
		};
/* End XCConfigurationList section */
	};
	rootObject = E5061B0B2CA8327D00E3D181 /* Project object */;
}
